
Microsoft Visual Studio Solution File, Format Version 12.00
# Visual Studio Version 17
VisualStudioVersion = 17.0.31912.275
MinimumVisualStudioVersion = 10.0.40219.1
Project("{FAE04EC0-301F-11D3-BF4B-00C04F79EFBC}") = "Question 58", "Question 58\Question 58.csproj", "{DEE0C784-7A39-4B7A-98D2-6726B6085A8E}"
EndProject
Global
	GlobalSection(SolutionConfigurationPlatforms) = preSolution
		Debug|Any CPU = Debug|Any CPU
		Release|Any CPU = Release|Any CPU
	EndGlobalSection
	GlobalSection(ProjectConfigurationPlatforms) = postSolution
		{DEE0C784-7A39-4B7A-98D2-6726B6085A8E}.Debug|Any CPU.ActiveCfg = Debug|Any CPU
		{DEE0C784-7A39-4B7A-98D2-6726B6085A8E}.Debug|Any CPU.Build.0 = Debug|Any CPU
		{DEE0C784-7A39-4B7A-98D2-6726B6085A8E}.Release|Any CPU.ActiveCfg = Release|Any CPU
		{DEE0C784-7A39-4B7A-98D2-6726B6085A8E}.Release|Any CPU.Build.0 = Release|Any CPU
	EndGlobalSection
	GlobalSection(SolutionProperties) = preSolution
		HideSolutionNode = FALSE
	EndGlobalSection
	GlobalSection(ExtensibilityGlobals) = postSolution
		SolutionGuid = {479668ED-C69B-4E30-89E2-B88F7FAA44F2}
	EndGlobalSection
EndGlobal
